{
  "nodes": {
    "devshell": {
      "inputs": {
        "nixpkgs": [
          "nixpkgs"
        ]
      },
      "locked": {
        "lastModified": 1768818222,
        "narHash": "sha256-460jc0+CZfyaO8+w8JNtlClB2n4ui1RbHfPTLkpwhU8=",
        "owner": "numtide",
        "repo": "devshell",
        "rev": "255a2b1725a20d060f566e4755dbf571bbbb5f76",
        "type": "github"
      },
      "original": {
        "owner": "numtide",
        "repo": "devshell",
        "type": "github"
      }
    },
    "flake-compat": {
      "flake": false,
      "locked": {
        "lastModified": 1751685974,
        "narHash": "sha256-NKw96t+BgHIYzHUjkTK95FqYRVKB8DHpVhefWSz/kTw=",
        "ref": "refs/heads/main",
        "rev": "549f2762aebeff29a2e5ece7a7dc0f955281a1d1",
        "revCount": 92,
        "type": "git",
        "url": "https://git.lix.systems/lix-project/flake-compat"
      },
      "original": {
        "type": "git",
        "url": "https://git.lix.systems/lix-project/flake-compat"
      }
    },
    "nixpkgs": {
      "locked": {
        "lastModified": 1774598093,
        "narHash": "sha256-IV+9MOjG05yRnYCHMOVG64GrI++lWIaoJPeqFWCq1IY=",
        "owner": "msfjarvis",
        "repo": "nixpkgs",
        "rev": "72f6d62f6d57bb52315a6ac1bce5b516f22fc937",
        "type": "github"
      },
      "original": {
        "owner": "msfjarvis",
        "ref": "nixpkgs-unstable",
        "repo": "nixpkgs",
        "type": "github"
      }
    },
    "root": {
      "inputs": {
        "devshell": "devshell",
        "flake-compat": "flake-compat",
        "nixpkgs": "nixpkgs",
        "systems": "systems"
      }
    },
    "systems": {
      "locked": {
        "lastModified": 1687694171,
        "narHash": "sha256-m4E0xN69qKj/oKOj8OtiZcSFpFlO8paI6E3Wo5oXDJc=",
        "owner": "msfjarvis",
        "repo": "flake-systems",
        "rev": "7876462a5f60841e8b2712ad20dc18470f448e8d",
        "type": "github"
      },
      "original": {
        "owner": "msfjarvis",
        "repo": "flake-systems",
        "type": "github"
      }
    }
  },
  "root": "root",
  "version": 7
}
